
Microsoft Visual Studio Solution File, Format Version 12.00
# Visual Studio Version 16
VisualStudioVersion = 16.0.31424.327
MinimumVisualStudioVersion = 10.0.40219.1
Project("{FAE04EC0-301F-11D3-BF4B-00C04F79EFBC}") = "TrabalhoIndividual", "TrabalhoIndividual\TrabalhoIndividual.csproj", "{3690B1EA-8A70-42EE-B701-2A4E3D3E55DA}"
EndProject
Global
	GlobalSection(SolutionConfigurationPlatforms) = preSolution
		Debug|Any CPU = Debug|Any CPU
		Release|Any CPU = Release|Any CPU
	EndGlobalSection
	GlobalSection(ProjectConfigurationPlatforms) = postSolution
		{3690B1EA-8A70-42EE-B701-2A4E3D3E55DA}.Debug|Any CPU.ActiveCfg = Debug|Any CPU
		{3690B1EA-8A70-42EE-B701-2A4E3D3E55DA}.Debug|Any CPU.Build.0 = Debug|Any CPU
		{3690B1EA-8A70-42EE-B701-2A4E3D3E55DA}.Release|Any CPU.ActiveCfg = Release|Any CPU
		{3690B1EA-8A70-42EE-B701-2A4E3D3E55DA}.Release|Any CPU.Build.0 = Release|Any CPU
	EndGlobalSection
	GlobalSection(SolutionProperties) = preSolution
		HideSolutionNode = FALSE
	EndGlobalSection
	GlobalSection(ExtensibilityGlobals) = postSolution
		SolutionGuid = {B30A0C47-C239-4C0E-B4BE-16227CE1F5D3}
	EndGlobalSection
EndGlobal
